
Microsoft Visual Studio Solution File, Format Version 12.00
# Visual Studio Version 17
VisualStudioVersion = 17.8.34322.80
MinimumVisualStudioVersion = 10.0.40219.1
Project("{9A19103F-16F7-4668-BE54-9A1E7A4F7556}") = "Prysukha.Parser.Api", "Prysukha.Parser.Api\Prysukha.Parser.Api.csproj", "{C22D1E0E-20A2-4C23-9FC0-A1C30D61A1C8}"
EndProject
Project("{9A19103F-16F7-4668-BE54-9A1E7A4F7556}") = "Prysukha.Parser.Infrastructure", "Prysukha.Parser.DLL\Prysukha.Parser.Infrastructure.csproj", "{E859E8E0-67D7-499D-B587-DEDA00CE74D1}"
EndProject
Project("{FAE04EC0-301F-11D3-BF4B-00C04F79EFBC}") = "Prysukha.Parser.Domain", "Prysukha.Parser.Domain\Prysukha.Parser.Domain.csproj", "{A97B9335-4A67-466A-9213-084D153CD5F4}"
EndProject
Global
	GlobalSection(SolutionConfigurationPlatforms) = preSolution
		Debug|Any CPU = Debug|Any CPU
		Release|Any CPU = Release|Any CPU
	EndGlobalSection
	GlobalSection(ProjectConfigurationPlatforms) = postSolution
		{C22D1E0E-20A2-4C23-9FC0-A1C30D61A1C8}.Debug|Any CPU.ActiveCfg = Debug|Any CPU
		{C22D1E0E-20A2-4C23-9FC0-A1C30D61A1C8}.Debug|Any CPU.Build.0 = Debug|Any CPU
		{C22D1E0E-20A2-4C23-9FC0-A1C30D61A1C8}.Release|Any CPU.ActiveCfg = Release|Any CPU
		{C22D1E0E-20A2-4C23-9FC0-A1C30D61A1C8}.Release|Any CPU.Build.0 = Release|Any CPU
		{E859E8E0-67D7-499D-B587-DEDA00CE74D1}.Debug|Any CPU.ActiveCfg = Debug|Any CPU
		{E859E8E0-67D7-499D-B587-DEDA00CE74D1}.Debug|Any CPU.Build.0 = Debug|Any CPU
		{E859E8E0-67D7-499D-B587-DEDA00CE74D1}.Release|Any CPU.ActiveCfg = Release|Any CPU
		{E859E8E0-67D7-499D-B587-DEDA00CE74D1}.Release|Any CPU.Build.0 = Release|Any CPU
		{A97B9335-4A67-466A-9213-084D153CD5F4}.Debug|Any CPU.ActiveCfg = Debug|Any CPU
		{A97B9335-4A67-466A-9213-084D153CD5F4}.Debug|Any CPU.Build.0 = Debug|Any CPU
		{A97B9335-4A67-466A-9213-084D153CD5F4}.Release|Any CPU.ActiveCfg = Release|Any CPU
		{A97B9335-4A67-466A-9213-084D153CD5F4}.Release|Any CPU.Build.0 = Release|Any CPU
	EndGlobalSection
	GlobalSection(SolutionProperties) = preSolution
		HideSolutionNode = FALSE
	EndGlobalSection
	GlobalSection(ExtensibilityGlobals) = postSolution
		SolutionGuid = {60FDFAB2-A6EB-41EC-8204-4A0519C1327A}
	EndGlobalSection
EndGlobal
